github.com/orestonce/go2cpp v0.0.0-20211127194244-978f03a98e4d h1:PvEL6uuZdVzFxUz99KH6qJCp9KhEqEpvtBXFFa+sEfc=
github.com/orestonce/go2cpp v0.0.0-20211127194244-978f03a98e4d/go.mod h1:1fsOAZftk08/dOTRqlp6f/MVwaEKOhrnPUg0RtWiSdY=
github.com/orestonce/go2cpp v0.0.0-20220421144856-6789f30e68b2 h1:vi2iWGwpDmTwr49tfuKl+Vy0q8/VVccZN7seQG3a3Wc=
github.com/orestonce/go2cpp v0.0.0-20220421144856-6789f30e68b2/go.mod h1:1fsOAZftk08/dOTRqlp6f/MVwaEKOhrnPUg0RtWiSdY=
